
Microsoft Visual Studio Solution File, Format Version 12.00
# Visual Studio Version 17
VisualStudioVersion = 17.9.34723.18
MinimumVisualStudioVersion = 10.0.40219.1
Project("{FAE04EC0-301F-11D3-BF4B-00C04F79EFBC}") = "ACSCommTest", "ACSCommTest.csproj", "{3991B4A2-A5A7-4D76-9E03-0F92064AF559}"
EndProject
Global
	GlobalSection(SolutionConfigurationPlatforms) = preSolution
		Debug|Any CPU = Debug|Any CPU
		Release|Any CPU = Release|Any CPU
	EndGlobalSection
	GlobalSection(ProjectConfigurationPlatforms) = postSolution
		{3991B4A2-A5A7-4D76-9E03-0F92064AF559}.Debug|Any CPU.ActiveCfg = Debug|Any CPU
		{3991B4A2-A5A7-4D76-9E03-0F92064AF559}.Debug|Any CPU.Build.0 = Debug|Any CPU
		{3991B4A2-A5A7-4D76-9E03-0F92064AF559}.Release|Any CPU.ActiveCfg = Release|Any CPU
		{3991B4A2-A5A7-4D76-9E03-0F92064AF559}.Release|Any CPU.Build.0 = Release|Any CPU
	EndGlobalSection
	GlobalSection(SolutionProperties) = preSolution
		HideSolutionNode = FALSE
	EndGlobalSection
	GlobalSection(ExtensibilityGlobals) = postSolution
		SolutionGuid = {59E6CA1A-1594-4E48-BD18-35B8B93D55B5}
	EndGlobalSection
EndGlobal
